
Microsoft Visual Studio Solution File, Format Version 12.00
# Visual Studio 15
VisualStudioVersion = 15.0.26403.7
MinimumVisualStudioVersion = 10.0.40219.1
Project("{FAE04EC0-301F-11D3-BF4B-00C04F79EFBC}") = "CICD", "CICD\CICD.csproj", "{4E4E6B1C-81C1-4D31-B989-9CF5612A4C5B}"
EndProject
Project("{FAE04EC0-301F-11D3-BF4B-00C04F79EFBC}") = "CICD.Tests", "CICD.Tests\CICD.Tests.csproj", "{A90BBF1C-96D8-4960-92C5-5262E39C3799}"
EndProject
Global
	GlobalSection(SolutionConfigurationPlatforms) = preSolution
		Debug|Any CPU = Debug|Any CPU
		Release|Any CPU = Release|Any CPU
	EndGlobalSection
	GlobalSection(ProjectConfigurationPlatforms) = postSolution
		{4E4E6B1C-81C1-4D31-B989-9CF5612A4C5B}.Debug|Any CPU.ActiveCfg = Debug|Any CPU
		{4E4E6B1C-81C1-4D31-B989-9CF5612A4C5B}.Debug|Any CPU.Build.0 = Debug|Any CPU
		{4E4E6B1C-81C1-4D31-B989-9CF5612A4C5B}.Release|Any CPU.ActiveCfg = Release|Any CPU
		{4E4E6B1C-81C1-4D31-B989-9CF5612A4C5B}.Release|Any CPU.Build.0 = Release|Any CPU
		{A90BBF1C-96D8-4960-92C5-5262E39C3799}.Debug|Any CPU.ActiveCfg = Debug|Any CPU
		{A90BBF1C-96D8-4960-92C5-5262E39C3799}.Debug|Any CPU.Build.0 = Debug|Any CPU
		{A90BBF1C-96D8-4960-92C5-5262E39C3799}.Release|Any CPU.ActiveCfg = Release|Any CPU
		{A90BBF1C-96D8-4960-92C5-5262E39C3799}.Release|Any CPU.Build.0 = Release|Any CPU
	EndGlobalSection
	GlobalSection(SolutionProperties) = preSolution
		HideSolutionNode = FALSE
	EndGlobalSection
EndGlobal
